
Microsoft Visual Studio Solution File, Format Version 12.00
# Visual Studio Version 17
VisualStudioVersion = 17.12.35707.178
MinimumVisualStudioVersion = 10.0.40219.1
Project("{FAE04EC0-301F-11D3-BF4B-00C04F79EFBC}") = "flutterBackend", "flutterBackend\flutterBackend.csproj", "{FD2BD1AC-5830-43E9-B0B8-15161C5D9A9A}"
EndProject
Global
	GlobalSection(SolutionConfigurationPlatforms) = preSolution
		Debug|Any CPU = Debug|Any CPU
		Release|Any CPU = Release|Any CPU
	EndGlobalSection
	GlobalSection(ProjectConfigurationPlatforms) = postSolution
		{FD2BD1AC-5830-43E9-B0B8-15161C5D9A9A}.Debug|Any CPU.ActiveCfg = Debug|Any CPU
		{FD2BD1AC-5830-43E9-B0B8-15161C5D9A9A}.Debug|Any CPU.Build.0 = Debug|Any CPU
		{FD2BD1AC-5830-43E9-B0B8-15161C5D9A9A}.Release|Any CPU.ActiveCfg = Release|Any CPU
		{FD2BD1AC-5830-43E9-B0B8-15161C5D9A9A}.Release|Any CPU.Build.0 = Release|Any CPU
	EndGlobalSection
	GlobalSection(SolutionProperties) = preSolution
		HideSolutionNode = FALSE
	EndGlobalSection
EndGlobal
